// !$*UTF8*$!
{
	archiveVersion = 1;
	classes = {
	};
	objectVersion = 50;
	objects = {

/* Begin PBXBuildFile section */
		6938C23C24C103370066CD69 /* SetteiViewController.swift in Sources */ = {isa = PBXBuildFile; fileRef = 6938C23B24C103370066CD69 /* SetteiViewController.swift */; };
		693DBADA25B31F3E00E9B534 /* PlayViewController.swift in Sources */ = {isa = PBXBuildFile; fileRef = 693DBAD925B31F3E00E9B534 /* PlayViewController.swift */; };
		69C7640925C2EA55008AECAD /* GameController.framework in Frameworks */ = {isa = PBXBuildFile; fileRef = 69DB12C023AEF297000C733A /* GameController.framework */; };
		69D0D83225AAFC3B00658D61 /* CameraAlbumEtc.swift in Sources */ = {isa = PBXBuildFile; fileRef = 69D0D83125AAFC3B00658D61 /* CameraAlbumEtc.swift */; };
		69DB2C3125C3C510001EC81F /* opencv2.framework in Frameworks */ = {isa = PBXBuildFile; fileRef = 69DB2C3025C3C510001EC81F /* opencv2.framework */; };
		69DB2C4325C3C8F0001EC81F /* OpenCVWrapper.mm in Sources */ = {isa = PBXBuildFile; fileRef = 69DB2C4225C3C8F0001EC81F /* OpenCVWrapper.mm */; };
		8E2604122134237D00714C67 /* OKNViewController.swift in Sources */ = {isa = PBXBuildFile; fileRef = 8E2604112134237D00714C67 /* OKNViewController.swift */; };
		8E3BD05F22C839A300454D93 /* HelpViewController.swift in Sources */ = {isa = PBXBuildFile; fileRef = 8E3BD05E22C839A300454D93 /* HelpViewController.swift */; };
		8E4EDD532285BD4A00B0D306 /* OKPViewController.swift in Sources */ = {isa = PBXBuildFile; fileRef = 8E4EDD522285BD4A00B0D306 /* OKPViewController.swift */; };
		8E4EDD552285C0E500B0D306 /* CarolicOKNViewController.swift in Sources */ = {isa = PBXBuildFile; fileRef = 8E4EDD542285C0E500B0D306 /* CarolicOKNViewController.swift */; };
		8ECD87C02116865C0084CDB1 /* CarolicETTViewController.swift in Sources */ = {isa = PBXBuildFile; fileRef = 8ECD87BF2116865C0084CDB1 /* CarolicETTViewController.swift */; };
		8ECD87C22116875E0084CDB1 /* ETTViewController.swift in Sources */ = {isa = PBXBuildFile; fileRef = 8ECD87C12116875E0084CDB1 /* ETTViewController.swift */; };
		8EE77EC620EF742C00517DEC /* AppDelegate.swift in Sources */ = {isa = PBXBuildFile; fileRef = 8EE77EC520EF742C00517DEC /* AppDelegate.swift */; };
		8EE77ECB20EF742C00517DEC /* Main.storyboard in Resources */ = {isa = PBXBuildFile; fileRef = 8EE77EC920EF742C00517DEC /* Main.storyboard */; };
		8EE77ECD20EF742E00517DEC /* Assets.xcassets in Resources */ = {isa = PBXBuildFile; fileRef = 8EE77ECC20EF742E00517DEC /* Assets.xcassets */; };
		8EE77ED020EF742E00517DEC /* LaunchScreen.storyboard in Resources */ = {isa = PBXBuildFile; fileRef = 8EE77ECE20EF742E00517DEC /* LaunchScreen.storyboard */; };
		8EFA37CE215F93C10040F4E0 /* MainViewController.swift in Sources */ = {isa = PBXBuildFile; fileRef = 8EE77EC720EF742C00517DEC /* MainViewController.swift */; };
/* End PBXBuildFile section */

/* Begin PBXFileReference section */
		6938C23B24C103370066CD69 /* SetteiViewController.swift */ = {isa = PBXFileReference; lastKnownFileType = sourcecode.swift; path = SetteiViewController.swift; sourceTree = "<group>"; };
		693DBAD925B31F3E00E9B534 /* PlayViewController.swift */ = {isa = PBXFileReference; lastKnownFileType = sourcecode.swift; path = PlayViewController.swift; sourceTree = "<group>"; };
		69C7640B25C2EAEB008AECAD /* Fushiki-Bridging-Header.h */ = {isa = PBXFileReference; lastKnownFileType = sourcecode.c.h; path = "Fushiki-Bridging-Header.h"; sourceTree = "<group>"; };
		69D0D83125AAFC3B00658D61 /* CameraAlbumEtc.swift */ = {isa = PBXFileReference; lastKnownFileType = sourcecode.swift; path = CameraAlbumEtc.swift; sourceTree = "<group>"; };
		69DB12C023AEF297000C733A /* GameController.framework */ = {isa = PBXFileReference; lastKnownFileType = wrapper.framework; name = GameController.framework; path = System/Library/Frameworks/GameController.framework; sourceTree = SDKROOT; };
		69DB2C3025C3C510001EC81F /* opencv2.framework */ = {isa = PBXFileReference; lastKnownFileType = wrapper.framework; name = opencv2.framework; path = ../../../Desktop/opencv2.framework; sourceTree = "<group>"; };
		69DB2C4125C3C8F0001EC81F /* OpenCVWrapper.h */ = {isa = PBXFileReference; lastKnownFileType = sourcecode.c.h; path = OpenCVWrapper.h; sourceTree = "<group>"; };
		69DB2C4225C3C8F0001EC81F /* OpenCVWrapper.mm */ = {isa = PBXFileReference; lastKnownFileType = sourcecode.cpp.objcpp; path = OpenCVWrapper.mm; sourceTree = "<group>"; };
		8E2604112134237D00714C67 /* OKNViewController.swift */ = {isa = PBXFileReference; lastKnownFileType = sourcecode.swift; path = OKNViewController.swift; sourceTree = "<group>"; };
		8E3BD05E22C839A300454D93 /* HelpViewController.swift */ = {isa = PBXFileReference; lastKnownFileType = sourcecode.swift; path = HelpViewController.swift; sourceTree = "<group>"; };
		8E4EDD522285BD4A00B0D306 /* OKPViewController.swift */ = {isa = PBXFileReference; lastKnownFileType = sourcecode.swift; path = OKPViewController.swift; sourceTree = "<group>"; };
		8E4EDD542285C0E500B0D306 /* CarolicOKNViewController.swift */ = {isa = PBXFileReference; lastKnownFileType = sourcecode.swift; path = CarolicOKNViewController.swift; sourceTree = "<group>"; };
		8ECD87BF2116865C0084CDB1 /* CarolicETTViewController.swift */ = {isa = PBXFileReference; lastKnownFileType = sourcecode.swift; path = CarolicETTViewController.swift; sourceTree = "<group>"; };
		8ECD87C12116875E0084CDB1 /* ETTViewController.swift */ = {isa = PBXFileReference; lastKnownFileType = sourcecode.swift; path = ETTViewController.swift; sourceTree = "<group>"; };
		8EE77EC220EF742C00517DEC /* Fushiki.app */ = {isa = PBXFileReference; explicitFileType = wrapper.application; includeInIndex = 0; path = Fushiki.app; sourceTree = BUILT_PRODUCTS_DIR; };
		8EE77EC520EF742C00517DEC /* AppDelegate.swift */ = {isa = PBXFileReference; lastKnownFileType = sourcecode.swift; path = AppDelegate.swift; sourceTree = "<group>"; };
		8EE77EC720EF742C00517DEC /* MainViewController.swift */ = {isa = PBXFileReference; lastKnownFileType = sourcecode.swift; path = MainViewController.swift; sourceTree = "<group>"; };
		8EE77ECA20EF742C00517DEC /* Base */ = {isa = PBXFileReference; lastKnownFileType = file.storyboard; name = Base; path = Base.lproj/Main.storyboard; sourceTree = "<group>"; };
		8EE77ECC20EF742E00517DEC /* Assets.xcassets */ = {isa = PBXFileReference; lastKnownFileType = folder.assetcatalog; path = Assets.xcassets; sourceTree = "<group>"; };
		8EE77ECF20EF742E00517DEC /* Base */ = {isa = PBXFileReference; lastKnownFileType = file.storyboard; name = Base; path = Base.lproj/LaunchScreen.storyboard; sourceTree = "<group>"; };
		8EE77ED120EF742E00517DEC /* Info.plist */ = {isa = PBXFileReference; lastKnownFileType = text.plist.xml; path = Info.plist; sourceTree = "<group>"; };
/* End PBXFileReference section */

/* Begin PBXFrameworksBuildPhase section */
		8EE77EBF20EF742C00517DEC /* Frameworks */ = {
			isa = PBXFrameworksBuildPhase;
			buildActionMask = 2147483647;
			files = (
				69DB2C3125C3C510001EC81F /* opencv2.framework in Frameworks */,
				69C7640925C2EA55008AECAD /* GameController.framework in Frameworks */,
			);
			runOnlyForDeploymentPostprocessing = 0;
		};
/* End PBXFrameworksBuildPhase section */

/* Begin PBXGroup section */
		69DB12BF23AEF297000C733A /* Frameworks */ = {
			isa = PBXGroup;
			children = (
				69DB2C4125C3C8F0001EC81F /* OpenCVWrapper.h */,
				69DB2C4225C3C8F0001EC81F /* OpenCVWrapper.mm */,
				69C7640B25C2EAEB008AECAD /* Fushiki-Bridging-Header.h */,
				69DB12C023AEF297000C733A /* GameController.framework */,
			);
			name = Frameworks;
			sourceTree = "<group>";
		};
		8EE77EB920EF742C00517DEC = {
			isa = PBXGroup;
			children = (
				69DB2C3025C3C510001EC81F /* opencv2.framework */,
				8EE77EC420EF742C00517DEC /* Fushiki */,
				8EE77EC320EF742C00517DEC /* Products */,
				69DB12BF23AEF297000C733A /* Frameworks */,
			);
			sourceTree = "<group>";
		};
		8EE77EC320EF742C00517DEC /* Products */ = {
			isa = PBXGroup;
			children = (
				8EE77EC220EF742C00517DEC /* Fushiki.app */,
			);
			name = Products;
			sourceTree = "<group>";
		};
		8EE77EC420EF742C00517DEC /* Fushiki */ = {
			isa = PBXGroup;
			children = (
				69D0D83125AAFC3B00658D61 /* CameraAlbumEtc.swift */,
				8EE77EC520EF742C00517DEC /* AppDelegate.swift */,
				8EE77EC720EF742C00517DEC /* MainViewController.swift */,
				8ECD87C12116875E0084CDB1 /* ETTViewController.swift */,
				8E4EDD522285BD4A00B0D306 /* OKPViewController.swift */,
				8E2604112134237D00714C67 /* OKNViewController.swift */,
				8E4EDD542285C0E500B0D306 /* CarolicOKNViewController.swift */,
				8ECD87BF2116865C0084CDB1 /* CarolicETTViewController.swift */,
				6938C23B24C103370066CD69 /* SetteiViewController.swift */,
				8E3BD05E22C839A300454D93 /* HelpViewController.swift */,
				8EE77EC920EF742C00517DEC /* Main.storyboard */,
				693DBAD925B31F3E00E9B534 /* PlayViewController.swift */,
				8EE77ECC20EF742E00517DEC /* Assets.xcassets */,
				8EE77ECE20EF742E00517DEC /* LaunchScreen.storyboard */,
				8EE77ED120EF742E00517DEC /* Info.plist */,
			);
			path = Fushiki;
			sourceTree = "<group>";
		};
/* End PBXGroup section */

/* Begin PBXNativeTarget section */
		8EE77EC120EF742C00517DEC /* Fushiki */ = {
			isa = PBXNativeTarget;
			buildConfigurationList = 8EE77ED420EF742E00517DEC /* Build configuration list for PBXNativeTarget "Fushiki" */;
			buildPhases = (
				8EE77EBE20EF742C00517DEC /* Sources */,
				8EE77EBF20EF742C00517DEC /* Frameworks */,
				8EE77EC020EF742C00517DEC /* Resources */,
			);
			buildRules = (
			);
			dependencies = (
			);
			name = Fushiki;
			productName = Fushiki;
			productReference = 8EE77EC220EF742C00517DEC /* Fushiki.app */;
			productType = "com.apple.product-type.application";
		};
/* End PBXNativeTarget section */

/* Begin PBXProject section */
		8EE77EBA20EF742C00517DEC /* Project object */ = {
			isa = PBXProject;
			attributes = {
				LastSwiftUpdateCheck = 0940;
				LastUpgradeCheck = 0940;
				ORGANIZATIONNAME = tatsuaki.Fushiki;
				TargetAttributes = {
					8EE77EC120EF742C00517DEC = {
						CreatedOnToolsVersion = 9.4.1;
						LastSwiftMigration = 1230;
						SystemCapabilities = {
							com.apple.BackgroundModes = {
								enabled = 1;
							};
						};
					};
				};
			};
			buildConfigurationList = 8EE77EBD20EF742C00517DEC /* Build configuration list for PBXProject "Fushiki" */;
			compatibilityVersion = "Xcode 9.3";
			developmentRegion = en;
			hasScannedForEncodings = 0;
			knownRegions = (
				en,
				Base,
			);
			mainGroup = 8EE77EB920EF742C00517DEC;
			productRefGroup = 8EE77EC320EF742C00517DEC /* Products */;
			projectDirPath = "";
			projectRoot = "";
			targets = (
				8EE77EC120EF742C00517DEC /* Fushiki */,
			);
		};
/* End PBXProject section */

/* Begin PBXResourcesBuildPhase section */
		8EE77EC020EF742C00517DEC /* Resources */ = {
			isa = PBXResourcesBuildPhase;
			buildActionMask = 2147483647;
			files = (
				8EE77ED020EF742E00517DEC /* LaunchScreen.storyboard in Resources */,
				8EE77ECD20EF742E00517DEC /* Assets.xcassets in Resources */,
				8EE77ECB20EF742C00517DEC /* Main.storyboard in Resources */,
			);
			runOnlyForDeploymentPostprocessing = 0;
		};
/* End PBXResourcesBuildPhase section */

/* Begin PBXSourcesBuildPhase section */
		8EE77EBE20EF742C00517DEC /* Sources */ = {
			isa = PBXSourcesBuildPhase;
			buildActionMask = 2147483647;
			files = (
				8EE77EC620EF742C00517DEC /* AppDelegate.swift in Sources */,
				8ECD87C02116865C0084CDB1 /* CarolicETTViewController.swift in Sources */,
				8ECD87C22116875E0084CDB1 /* ETTViewController.swift in Sources */,
				8E3BD05F22C839A300454D93 /* HelpViewController.swift in Sources */,
				693DBADA25B31F3E00E9B534 /* PlayViewController.swift in Sources */,
				8E4EDD532285BD4A00B0D306 /* OKPViewController.swift in Sources */,
				8E4EDD552285C0E500B0D306 /* CarolicOKNViewController.swift in Sources */,
				8E2604122134237D00714C67 /* OKNViewController.swift in Sources */,
				69D0D83225AAFC3B00658D61 /* CameraAlbumEtc.swift in Sources */,
				8EFA37CE215F93C10040F4E0 /* MainViewController.swift in Sources */,
				6938C23C24C103370066CD69 /* SetteiViewController.swift in Sources */,
				69DB2C4325C3C8F0001EC81F /* OpenCVWrapper.mm in Sources */,
			);
			runOnlyForDeploymentPostprocessing = 0;
		};
/* End PBXSourcesBuildPhase section */

/* Begin PBXVariantGroup section */
		8EE77EC920EF742C00517DEC /* Main.storyboard */ = {
			isa = PBXVariantGroup;
			children = (
				8EE77ECA20EF742C00517DEC /* Base */,
			);
			name = Main.storyboard;
			sourceTree = "<group>";
		};
		8EE77ECE20EF742E00517DEC /* LaunchScreen.storyboard */ = {
			isa = PBXVariantGroup;
			children = (
				8EE77ECF20EF742E00517DEC /* Base */,
			);
			name = LaunchScreen.storyboard;
			sourceTree = "<group>";
		};
/* End PBXVariantGroup section */

/* Begin XCBuildConfiguration section */
		8EE77ED220EF742E00517DEC /* Debug */ = {
			isa = XCBuildConfiguration;
			buildSettings = {
				ALWAYS_SEARCH_USER_PATHS = NO;
				CLANG_ANALYZER_NONNULL = YES;
				CLANG_ANALYZER_NUMBER_OBJECT_CONVERSION = YES_AGGRESSIVE;
				CLANG_CXX_LANGUAGE_STANDARD = "gnu++14";
				CLANG_CXX_LIBRARY = "libc++";
				CLANG_ENABLE_MODULES = YES;
				CLANG_ENABLE_OBJC_ARC = YES;
				CLANG_ENABLE_OBJC_WEAK = YES;
				CLANG_WARN_BLOCK_CAPTURE_AUTORELEASING = YES;
				CLANG_WARN_BOOL_CONVERSION = YES;
				CLANG_WARN_COMMA = YES;
				CLANG_WARN_CONSTANT_CONVERSION = YES;
				CLANG_WARN_DEPRECATED_OBJC_IMPLEMENTATIONS = YES;
				CLANG_WARN_DIRECT_OBJC_ISA_USAGE = YES_ERROR;
				CLANG_WARN_DOCUMENTATION_COMMENTS = YES;
				CLANG_WARN_EMPTY_BODY = YES;
				CLANG_WARN_ENUM_CONVERSION = YES;
				CLANG_WARN_INFINITE_RECURSION = YES;
				CLANG_WARN_INT_CONVERSION = YES;
				CLANG_WARN_NON_LITERAL_NULL_CONVERSION = YES;
				CLANG_WARN_OBJC_IMPLICIT_RETAIN_SELF = YES;
				CLANG_WARN_OBJC_LITERAL_CONVERSION = YES;
				CLANG_WARN_OBJC_ROOT_CLASS = YES_ERROR;
				CLANG_WARN_RANGE_LOOP_ANALYSIS = YES;
				CLANG_WARN_STRICT_PROTOTYPES = YES;
				CLANG_WARN_SUSPICIOUS_MOVE = YES;
				CLANG_WARN_UNGUARDED_AVAILABILITY = YES_AGGRESSIVE;
				CLANG_WARN_UNREACHABLE_CODE = YES;
				CLANG_WARN__DUPLICATE_METHOD_MATCH = YES;
				CODE_SIGN_IDENTITY = "iPhone Developer";
				COPY_PHASE_STRIP = NO;
				DEBUG_INFORMATION_FORMAT = dwarf;
				ENABLE_STRICT_OBJC_MSGSEND = YES;
				ENABLE_TESTABILITY = YES;
				GCC_C_LANGUAGE_STANDARD = gnu11;
				GCC_DYNAMIC_NO_PIC = NO;
				GCC_NO_COMMON_BLOCKS = YES;
				GCC_OPTIMIZATION_LEVEL = 0;
				GCC_PREPROCESSOR_DEFINITIONS = (
					"DEBUG=1",
					"$(inherited)",
				);
				GCC_WARN_64_TO_32_BIT_CONVERSION = YES;
				GCC_WARN_ABOUT_RETURN_TYPE = YES_ERROR;
				GCC_WARN_UNDECLARED_SELECTOR = YES;
				GCC_WARN_UNINITIALIZED_AUTOS = YES_AGGRESSIVE;
				GCC_WARN_UNUSED_FUNCTION = YES;
				GCC_WARN_UNUSED_VARIABLE = YES;
				IPHONEOS_DEPLOYMENT_TARGET = 10.3;
				MTL_ENABLE_DEBUG_INFO = YES;
				ONLY_ACTIVE_ARCH = YES;
				SDKROOT = iphoneos;
				SWIFT_ACTIVE_COMPILATION_CONDITIONS = DEBUG;
				SWIFT_OPTIMIZATION_LEVEL = "-Onone";
			};
			name = Debug;
		};
		8EE77ED320EF742E00517DEC /* Release */ = {
			isa = XCBuildConfiguration;
			buildSettings = {
				ALWAYS_SEARCH_USER_PATHS = NO;
				CLANG_ANALYZER_NONNULL = YES;
				CLANG_ANALYZER_NUMBER_OBJECT_CONVERSION = YES_AGGRESSIVE;
				CLANG_CXX_LANGUAGE_STANDARD = "gnu++14";
				CLANG_CXX_LIBRARY = "libc++";
				CLANG_ENABLE_MODULES = YES;
				CLANG_ENABLE_OBJC_ARC = YES;
				CLANG_ENABLE_OBJC_WEAK = YES;
				CLANG_WARN_BLOCK_CAPTURE_AUTORELEASING = YES;
				CLANG_WARN_BOOL_CONVERSION = YES;
				CLANG_WARN_COMMA = YES;
				CLANG_WARN_CONSTANT_CONVERSION = YES;
				CLANG_WARN_DEPRECATED_OBJC_IMPLEMENTATIONS = YES;
				CLANG_WARN_DIRECT_OBJC_ISA_USAGE = YES_ERROR;
				CLANG_WARN_DOCUMENTATION_COMMENTS = YES;
				CLANG_WARN_EMPTY_BODY = YES;
				CLANG_WARN_ENUM_CONVERSION = YES;
				CLANG_WARN_INFINITE_RECURSION = YES;
				CLANG_WARN_INT_CONVERSION = YES;
				CLANG_WARN_NON_LITERAL_NULL_CONVERSION = YES;
				CLANG_WARN_OBJC_IMPLICIT_RETAIN_SELF = YES;
				CLANG_WARN_OBJC_LITERAL_CONVERSION = YES;
				CLANG_WARN_OBJC_ROOT_CLASS = YES_ERROR;
				CLANG_WARN_RANGE_LOOP_ANALYSIS = YES;
				CLANG_WARN_STRICT_PROTOTYPES = YES;
				CLANG_WARN_SUSPICIOUS_MOVE = YES;
				CLANG_WARN_UNGUARDED_AVAILABILITY = YES_AGGRESSIVE;
				CLANG_WARN_UNREACHABLE_CODE = YES;
				CLANG_WARN__DUPLICATE_METHOD_MATCH = YES;
				CODE_SIGN_IDENTITY = "iPhone Developer";
				COPY_PHASE_STRIP = NO;
				DEBUG_INFORMATION_FORMAT = "dwarf-with-dsym";
				ENABLE_NS_ASSERTIONS = NO;
				ENABLE_STRICT_OBJC_MSGSEND = YES;
				GCC_C_LANGUAGE_STANDARD = gnu11;
				GCC_NO_COMMON_BLOCKS = YES;
				GCC_WARN_64_TO_32_BIT_CONVERSION = YES;
				GCC_WARN_ABOUT_RETURN_TYPE = YES_ERROR;
				GCC_WARN_UNDECLARED_SELECTOR = YES;
				GCC_WARN_UNINITIALIZED_AUTOS = YES_AGGRESSIVE;
				GCC_WARN_UNUSED_FUNCTION = YES;
				GCC_WARN_UNUSED_VARIABLE = YES;
				IPHONEOS_DEPLOYMENT_TARGET = 10.3;
				MTL_ENABLE_DEBUG_INFO = NO;
				SDKROOT = iphoneos;
				SWIFT_COMPILATION_MODE = wholemodule;
				SWIFT_OPTIMIZATION_LEVEL = "-O";
				VALIDATE_PRODUCT = YES;
			};
			name = Release;
		};
		8EE77ED520EF742E00517DEC /* Debug */ = {
			isa = XCBuildConfiguration;
			buildSettings = {
				ASSETCATALOG_COMPILER_APPICON_NAME = AppIcon;
				CLANG_ENABLE_MODULES = YES;
				CODE_SIGN_STYLE = Automatic;
				CURRENT_PROJECT_VERSION = 1.1.0;
				DEVELOPMENT_TEAM = YKSHGZ7H3T;
				FRAMEWORK_SEARCH_PATHS = (
					"$(inherited)",
					"$(PROJECT_DIR)",
				);
				INFOPLIST_FILE = Fushiki/Info.plist;
				IPHONEOS_DEPLOYMENT_TARGET = 11.0;
				LD_RUNPATH_SEARCH_PATHS = (
					"$(inherited)",
					"@executable_path/Frameworks",
				);
				MARKETING_VERSION = 2.4;
				PRODUCT_BUNDLE_IDENTIFIER = com.kuroda33.FushikiETTopenCV;
				PRODUCT_NAME = "$(TARGET_NAME)";
				SWIFT_OBJC_BRIDGING_HEADER = "Fushiki-Bridging-Header.h";
				SWIFT_OPTIMIZATION_LEVEL = "-Onone";
				SWIFT_VERSION = 5.0;
				TARGETED_DEVICE_FAMILY = "1,2";
			};
			name = Debug;
		};
		8EE77ED620EF742E00517DEC /* Release */ = {
			isa = XCBuildConfiguration;
			buildSettings = {
				ASSETCATALOG_COMPILER_APPICON_NAME = AppIcon;
				CLANG_ENABLE_MODULES = YES;
				CODE_SIGN_STYLE = Automatic;
				CURRENT_PROJECT_VERSION = 1.1.0;
				DEVELOPMENT_TEAM = YKSHGZ7H3T;
				FRAMEWORK_SEARCH_PATHS = (
					"$(inherited)",
					"$(PROJECT_DIR)",
				);
				INFOPLIST_FILE = Fushiki/Info.plist;
				IPHONEOS_DEPLOYMENT_TARGET = 11.0;
				LD_RUNPATH_SEARCH_PATHS = (
					"$(inherited)",
					"@executable_path/Frameworks",
				);
				MARKETING_VERSION = 2.4;
				PRODUCT_BUNDLE_IDENTIFIER = com.kuroda33.FushikiETTopenCV;
				PRODUCT_NAME = "$(TARGET_NAME)";
				SWIFT_OBJC_BRIDGING_HEADER = "Fushiki-Bridging-Header.h";
				SWIFT_VERSION = 5.0;
				TARGETED_DEVICE_FAMILY = "1,2";
			};
			name = Release;
		};
/* End XCBuildConfiguration section */

/* Begin XCConfigurationList section */
		8EE77EBD20EF742C00517DEC /* Build configuration list for PBXProject "Fushiki" */ = {
			isa = XCConfigurationList;
			buildConfigurations = (
				8EE77ED220EF742E00517DEC /* Debug */,
				8EE77ED320EF742E00517DEC /* Release */,
			);
			defaultConfigurationIsVisible = 0;
			defaultConfigurationName = Release;
		};
		8EE77ED420EF742E00517DEC /* Build configuration list for PBXNativeTarget "Fushiki" */ = {
			isa = XCConfigurationList;
			buildConfigurations = (
				8EE77ED520EF742E00517DEC /* Debug */,
				8EE77ED620EF742E00517DEC /* Release */,
			);
			defaultConfigurationIsVisible = 0;
			defaultConfigurationName = Release;
		};
/* End XCConfigurationList section */
	};
	rootObject = 8EE77EBA20EF742C00517DEC /* Project object */;
}
